
Microsoft Visual Studio Solution File, Format Version 12.00
# Visual Studio Version 17
VisualStudioVersion = 17.8.34316.72
MinimumVisualStudioVersion = 10.0.40219.1
Project("{2150E333-8FDC-42A3-9474-1A3956D46DE8}") = "Services", "Services", "{0FCC3A4B-BAC5-4769-BA1D-0A9DD44BB7DC}"
EndProject
Project("{2150E333-8FDC-42A3-9474-1A3956D46DE8}") = "Catalog", "Catalog", "{C0502790-7A59-493E-AF71-D3F429CBD328}"
EndProject
Project("{9A19103F-16F7-4668-BE54-9A1E7A4F7556}") = "Catalog.API", "Services\Catalog\Catalog.API\Catalog.API.csproj", "{553E02FF-F359-4DEB-86A9-924BAB4E9326}"
EndProject
Project("{2150E333-8FDC-42A3-9474-1A3956D46DE8}") = "BuildingBlocks", "BuildingBlocks", "{0040E856-300D-4E9C-A2A1-217DBEE8B7AC}"
EndProject
Project("{9A19103F-16F7-4668-BE54-9A1E7A4F7556}") = "BuildingBlocks", "BuildingBlocks\BuildingBlocks\BuildingBlocks.csproj", "{2720E2B8-A503-4510-8141-13D50FDB659B}"
EndProject
Project("{E53339B2-1760-4266-BCC7-CA923CBCF16C}") = "docker-compose", "docker-compose.dcproj", "{9E0B7C90-8066-4F15-8D46-74F6681E6192}"
EndProject
Project("{2150E333-8FDC-42A3-9474-1A3956D46DE8}") = "Basket", "Basket", "{9E5A3F89-CBE2-458D-9696-3A622B5AA06E}"
EndProject
Project("{9A19103F-16F7-4668-BE54-9A1E7A4F7556}") = "Basket.API", "Services\Basket\Basket.API\Basket.API.csproj", "{129D877A-88F6-4DEB-9A2D-CB7CAD0A9656}"
EndProject
Project("{2150E333-8FDC-42A3-9474-1A3956D46DE8}") = "Discount", "Discount", "{892BF54A-35E0-40D3-8C6D-02FCC8FDB79F}"
EndProject
Project("{9A19103F-16F7-4668-BE54-9A1E7A4F7556}") = "Discount.Grpc", "Services\Discount\Discount.Grpc\Discount.Grpc.csproj", "{CAC75027-C11B-4BE1-B66E-D05730AB5C32}"
EndProject
Project("{2150E333-8FDC-42A3-9474-1A3956D46DE8}") = "Ordering", "Ordering", "{A20AA58C-7FC5-4FD7-9C35-CF5B9108CBD1}"
EndProject
Project("{FAE04EC0-301F-11D3-BF4B-00C04F79EFBC}") = "Ordering.API", "Services\Ordering\Ordering.API\Ordering.API.csproj", "{DE574625-D6A5-4A70-826B-D0CF8344F9A5}"
EndProject
Project("{FAE04EC0-301F-11D3-BF4B-00C04F79EFBC}") = "Ordering.Domain", "Services\Ordering\Ordering.Domain\Ordering.Domain.csproj", "{29EE8F53-BBDE-4107-BC0E-A4BC1B73720E}"
EndProject
Project("{FAE04EC0-301F-11D3-BF4B-00C04F79EFBC}") = "Ordering.Application", "Services\Ordering\Ordering.Application\Ordering.Application.csproj", "{0F733786-8BC7-4860-9B3F-61FDE4FCA04E}"
EndProject
Project("{FAE04EC0-301F-11D3-BF4B-00C04F79EFBC}") = "Ordering.Infrastructure", "Services\Ordering\Ordering.Infrastructure\Ordering.Infrastructure.csproj", "{9A8B11D1-70D6-4A6B-973D-F328F768C5FD}"
EndProject
Global
	GlobalSection(SolutionConfigurationPlatforms) = preSolution
		Debug|Any CPU = Debug|Any CPU
		Release|Any CPU = Release|Any CPU
	EndGlobalSection
	GlobalSection(ProjectConfigurationPlatforms) = postSolution
		{553E02FF-F359-4DEB-86A9-924BAB4E9326}.Debug|Any CPU.ActiveCfg = Debug|Any CPU
		{553E02FF-F359-4DEB-86A9-924BAB4E9326}.Debug|Any CPU.Build.0 = Debug|Any CPU
		{553E02FF-F359-4DEB-86A9-924BAB4E9326}.Release|Any CPU.ActiveCfg = Release|Any CPU
		{553E02FF-F359-4DEB-86A9-924BAB4E9326}.Release|Any CPU.Build.0 = Release|Any CPU
		{2720E2B8-A503-4510-8141-13D50FDB659B}.Debug|Any CPU.ActiveCfg = Debug|Any CPU
		{2720E2B8-A503-4510-8141-13D50FDB659B}.Debug|Any CPU.Build.0 = Debug|Any CPU
		{2720E2B8-A503-4510-8141-13D50FDB659B}.Release|Any CPU.ActiveCfg = Release|Any CPU
		{2720E2B8-A503-4510-8141-13D50FDB659B}.Release|Any CPU.Build.0 = Release|Any CPU
		{9E0B7C90-8066-4F15-8D46-74F6681E6192}.Debug|Any CPU.ActiveCfg = Debug|Any CPU
		{9E0B7C90-8066-4F15-8D46-74F6681E6192}.Debug|Any CPU.Build.0 = Debug|Any CPU
		{9E0B7C90-8066-4F15-8D46-74F6681E6192}.Release|Any CPU.ActiveCfg = Release|Any CPU
		{9E0B7C90-8066-4F15-8D46-74F6681E6192}.Release|Any CPU.Build.0 = Release|Any CPU
		{129D877A-88F6-4DEB-9A2D-CB7CAD0A9656}.Debug|Any CPU.ActiveCfg = Debug|Any CPU
		{129D877A-88F6-4DEB-9A2D-CB7CAD0A9656}.Debug|Any CPU.Build.0 = Debug|Any CPU
		{129D877A-88F6-4DEB-9A2D-CB7CAD0A9656}.Release|Any CPU.ActiveCfg = Release|Any CPU
		{129D877A-88F6-4DEB-9A2D-CB7CAD0A9656}.Release|Any CPU.Build.0 = Release|Any CPU
		{CAC75027-C11B-4BE1-B66E-D05730AB5C32}.Debug|Any CPU.ActiveCfg = Debug|Any CPU
		{CAC75027-C11B-4BE1-B66E-D05730AB5C32}.Debug|Any CPU.Build.0 = Debug|Any CPU
		{CAC75027-C11B-4BE1-B66E-D05730AB5C32}.Release|Any CPU.ActiveCfg = Release|Any CPU
		{CAC75027-C11B-4BE1-B66E-D05730AB5C32}.Release|Any CPU.Build.0 = Release|Any CPU
		{DE574625-D6A5-4A70-826B-D0CF8344F9A5}.Debug|Any CPU.ActiveCfg = Debug|Any CPU
		{DE574625-D6A5-4A70-826B-D0CF8344F9A5}.Debug|Any CPU.Build.0 = Debug|Any CPU
		{DE574625-D6A5-4A70-826B-D0CF8344F9A5}.Release|Any CPU.ActiveCfg = Release|Any CPU
		{DE574625-D6A5-4A70-826B-D0CF8344F9A5}.Release|Any CPU.Build.0 = Release|Any CPU
		{29EE8F53-BBDE-4107-BC0E-A4BC1B73720E}.Debug|Any CPU.ActiveCfg = Debug|Any CPU
		{29EE8F53-BBDE-4107-BC0E-A4BC1B73720E}.Debug|Any CPU.Build.0 = Debug|Any CPU
		{29EE8F53-BBDE-4107-BC0E-A4BC1B73720E}.Release|Any CPU.ActiveCfg = Release|Any CPU
		{29EE8F53-BBDE-4107-BC0E-A4BC1B73720E}.Release|Any CPU.Build.0 = Release|Any CPU
		{0F733786-8BC7-4860-9B3F-61FDE4FCA04E}.Debug|Any CPU.ActiveCfg = Debug|Any CPU
		{0F733786-8BC7-4860-9B3F-61FDE4FCA04E}.Debug|Any CPU.Build.0 = Debug|Any CPU
		{0F733786-8BC7-4860-9B3F-61FDE4FCA04E}.Release|Any CPU.ActiveCfg = Release|Any CPU
		{0F733786-8BC7-4860-9B3F-61FDE4FCA04E}.Release|Any CPU.Build.0 = Release|Any CPU
		{9A8B11D1-70D6-4A6B-973D-F328F768C5FD}.Debug|Any CPU.ActiveCfg = Debug|Any CPU
		{9A8B11D1-70D6-4A6B-973D-F328F768C5FD}.Debug|Any CPU.Build.0 = Debug|Any CPU
		{9A8B11D1-70D6-4A6B-973D-F328F768C5FD}.Release|Any CPU.ActiveCfg = Release|Any CPU
		{9A8B11D1-70D6-4A6B-973D-F328F768C5FD}.Release|Any CPU.Build.0 = Release|Any CPU
	EndGlobalSection
	GlobalSection(SolutionProperties) = preSolution
		HideSolutionNode = FALSE
	EndGlobalSection
	GlobalSection(NestedProjects) = preSolution
		{C0502790-7A59-493E-AF71-D3F429CBD328} = {0FCC3A4B-BAC5-4769-BA1D-0A9DD44BB7DC}
		{553E02FF-F359-4DEB-86A9-924BAB4E9326} = {C0502790-7A59-493E-AF71-D3F429CBD328}
		{2720E2B8-A503-4510-8141-13D50FDB659B} = {0040E856-300D-4E9C-A2A1-217DBEE8B7AC}
		{9E5A3F89-CBE2-458D-9696-3A622B5AA06E} = {0FCC3A4B-BAC5-4769-BA1D-0A9DD44BB7DC}
		{129D877A-88F6-4DEB-9A2D-CB7CAD0A9656} = {9E5A3F89-CBE2-458D-9696-3A622B5AA06E}
		{892BF54A-35E0-40D3-8C6D-02FCC8FDB79F} = {0FCC3A4B-BAC5-4769-BA1D-0A9DD44BB7DC}
		{CAC75027-C11B-4BE1-B66E-D05730AB5C32} = {892BF54A-35E0-40D3-8C6D-02FCC8FDB79F}
		{A20AA58C-7FC5-4FD7-9C35-CF5B9108CBD1} = {0FCC3A4B-BAC5-4769-BA1D-0A9DD44BB7DC}
		{DE574625-D6A5-4A70-826B-D0CF8344F9A5} = {A20AA58C-7FC5-4FD7-9C35-CF5B9108CBD1}
		{29EE8F53-BBDE-4107-BC0E-A4BC1B73720E} = {A20AA58C-7FC5-4FD7-9C35-CF5B9108CBD1}
		{0F733786-8BC7-4860-9B3F-61FDE4FCA04E} = {A20AA58C-7FC5-4FD7-9C35-CF5B9108CBD1}
		{9A8B11D1-70D6-4A6B-973D-F328F768C5FD} = {A20AA58C-7FC5-4FD7-9C35-CF5B9108CBD1}
	EndGlobalSection
	GlobalSection(ExtensibilityGlobals) = postSolution
		SolutionGuid = {3CB766F5-77EC-46B9-BC15-37055D710E1A}
	EndGlobalSection
EndGlobal
